// !$*UTF8*$!
{
	archiveVersion = 1;
	classes = {
	};
	objectVersion = 55;
	objects = {

/* Begin PBXBuildFile section */
		BD5D237D28BFBA3800B8F16F /* MainTabBarController.swift in Sources */ = {isa = PBXBuildFile; fileRef = BD5D237C28BFBA3800B8F16F /* MainTabBarController.swift */; };
		BD7DE69728B790D500301BFA /* AppDelegate.swift in Sources */ = {isa = PBXBuildFile; fileRef = BD7DE69628B790D500301BFA /* AppDelegate.swift */; };
		BD7DE69B28B790D500301BFA /* ViewController.swift in Sources */ = {isa = PBXBuildFile; fileRef = BD7DE69A28B790D500301BFA /* ViewController.swift */; };
		BD7DE69E28B790D500301BFA /* Main.storyboard in Resources */ = {isa = PBXBuildFile; fileRef = BD7DE69C28B790D500301BFA /* Main.storyboard */; };
		BD7DE6A028B790D600301BFA /* Assets.xcassets in Resources */ = {isa = PBXBuildFile; fileRef = BD7DE69F28B790D600301BFA /* Assets.xcassets */; };
		BD7DE6A328B790D600301BFA /* LaunchScreen.storyboard in Resources */ = {isa = PBXBuildFile; fileRef = BD7DE6A128B790D600301BFA /* LaunchScreen.storyboard */; };
		BD7DE6AB28B790FE00301BFA /* Coordinator.swift in Sources */ = {isa = PBXBuildFile; fileRef = BD7DE6AA28B790FE00301BFA /* Coordinator.swift */; };
		BD7DE6AD28B791A800301BFA /* Storyboardable.swift in Sources */ = {isa = PBXBuildFile; fileRef = BD7DE6AC28B791A800301BFA /* Storyboardable.swift */; };
		BD7DE6AF28B7943A00301BFA /* AppCoordinator.swift in Sources */ = {isa = PBXBuildFile; fileRef = BD7DE6AE28B7943A00301BFA /* AppCoordinator.swift */; };
		BD7DE6B128B795FA00301BFA /* BuyViewController.swift in Sources */ = {isa = PBXBuildFile; fileRef = BD7DE6B028B795FA00301BFA /* BuyViewController.swift */; };
		BD7DE6B328B7960B00301BFA /* CreateAccountViewController.swift in Sources */ = {isa = PBXBuildFile; fileRef = BD7DE6B228B7960B00301BFA /* CreateAccountViewController.swift */; };
		BDFEB09F28BE8E6C0032C955 /* BuyCoordinator.swift in Sources */ = {isa = PBXBuildFile; fileRef = BDFEB09E28BE8E6C0032C955 /* BuyCoordinator.swift */; };
/* End PBXBuildFile section */

/* Begin PBXFileReference section */
		BD5D237C28BFBA3800B8F16F /* MainTabBarController.swift */ = {isa = PBXFileReference; lastKnownFileType = sourcecode.swift; path = MainTabBarController.swift; sourceTree = "<group>"; };
		BD7DE69328B790D500301BFA /* Coordinators.app */ = {isa = PBXFileReference; explicitFileType = wrapper.application; includeInIndex = 0; path = Coordinators.app; sourceTree = BUILT_PRODUCTS_DIR; };
		BD7DE69628B790D500301BFA /* AppDelegate.swift */ = {isa = PBXFileReference; lastKnownFileType = sourcecode.swift; path = AppDelegate.swift; sourceTree = "<group>"; };
		BD7DE69A28B790D500301BFA /* ViewController.swift */ = {isa = PBXFileReference; lastKnownFileType = sourcecode.swift; path = ViewController.swift; sourceTree = "<group>"; };
		BD7DE69D28B790D500301BFA /* Base */ = {isa = PBXFileReference; lastKnownFileType = file.storyboard; name = Base; path = Base.lproj/Main.storyboard; sourceTree = "<group>"; };
		BD7DE69F28B790D600301BFA /* Assets.xcassets */ = {isa = PBXFileReference; lastKnownFileType = folder.assetcatalog; path = Assets.xcassets; sourceTree = "<group>"; };
		BD7DE6A228B790D600301BFA /* Base */ = {isa = PBXFileReference; lastKnownFileType = file.storyboard; name = Base; path = Base.lproj/LaunchScreen.storyboard; sourceTree = "<group>"; };
		BD7DE6A428B790D600301BFA /* Info.plist */ = {isa = PBXFileReference; lastKnownFileType = text.plist.xml; path = Info.plist; sourceTree = "<group>"; };
		BD7DE6AA28B790FE00301BFA /* Coordinator.swift */ = {isa = PBXFileReference; lastKnownFileType = sourcecode.swift; path = Coordinator.swift; sourceTree = "<group>"; };
		BD7DE6AC28B791A800301BFA /* Storyboardable.swift */ = {isa = PBXFileReference; lastKnownFileType = sourcecode.swift; path = Storyboardable.swift; sourceTree = "<group>"; };
		BD7DE6AE28B7943A00301BFA /* AppCoordinator.swift */ = {isa = PBXFileReference; lastKnownFileType = sourcecode.swift; path = AppCoordinator.swift; sourceTree = "<group>"; };
		BD7DE6B028B795FA00301BFA /* BuyViewController.swift */ = {isa = PBXFileReference; lastKnownFileType = sourcecode.swift; path = BuyViewController.swift; sourceTree = "<group>"; };
		BD7DE6B228B7960B00301BFA /* CreateAccountViewController.swift */ = {isa = PBXFileReference; lastKnownFileType = sourcecode.swift; path = CreateAccountViewController.swift; sourceTree = "<group>"; };
		BDFEB09E28BE8E6C0032C955 /* BuyCoordinator.swift */ = {isa = PBXFileReference; lastKnownFileType = sourcecode.swift; path = BuyCoordinator.swift; sourceTree = "<group>"; };
/* End PBXFileReference section */

/* Begin PBXFrameworksBuildPhase section */
		BD7DE69028B790D500301BFA /* Frameworks */ = {
			isa = PBXFrameworksBuildPhase;
			buildActionMask = 2147483647;
			files = (
			);
			runOnlyForDeploymentPostprocessing = 0;
		};
/* End PBXFrameworksBuildPhase section */

/* Begin PBXGroup section */
		BD7DE68A28B790D500301BFA = {
			isa = PBXGroup;
			children = (
				BD7DE69528B790D500301BFA /* Coordinators */,
				BD7DE69428B790D500301BFA /* Products */,
			);
			sourceTree = "<group>";
		};
		BD7DE69428B790D500301BFA /* Products */ = {
			isa = PBXGroup;
			children = (
				BD7DE69328B790D500301BFA /* Coordinators.app */,
			);
			name = Products;
			sourceTree = "<group>";
		};
		BD7DE69528B790D500301BFA /* Coordinators */ = {
			isa = PBXGroup;
			children = (
				BD7DE6AA28B790FE00301BFA /* Coordinator.swift */,
				BD7DE6AC28B791A800301BFA /* Storyboardable.swift */,
				BD5D237C28BFBA3800B8F16F /* MainTabBarController.swift */,
				BD7DE69628B790D500301BFA /* AppDelegate.swift */,
				BD7DE6AE28B7943A00301BFA /* AppCoordinator.swift */,
				BD7DE69A28B790D500301BFA /* ViewController.swift */,
				BDFEB09E28BE8E6C0032C955 /* BuyCoordinator.swift */,
				BD7DE6B028B795FA00301BFA /* BuyViewController.swift */,
				BD7DE6B228B7960B00301BFA /* CreateAccountViewController.swift */,
				BD7DE69C28B790D500301BFA /* Main.storyboard */,
				BD7DE69F28B790D600301BFA /* Assets.xcassets */,
				BD7DE6A128B790D600301BFA /* LaunchScreen.storyboard */,
				BD7DE6A428B790D600301BFA /* Info.plist */,
			);
			path = Coordinators;
			sourceTree = "<group>";
		};
/* End PBXGroup section */

/* Begin PBXNativeTarget section */
		BD7DE69228B790D500301BFA /* Coordinators */ = {
			isa = PBXNativeTarget;
			buildConfigurationList = BD7DE6A728B790D600301BFA /* Build configuration list for PBXNativeTarget "Coordinators" */;
			buildPhases = (
				BD7DE68F28B790D500301BFA /* Sources */,
				BD7DE69028B790D500301BFA /* Frameworks */,
				BD7DE69128B790D500301BFA /* Resources */,
			);
			buildRules = (
			);
			dependencies = (
			);
			name = Coordinators;
			productName = Coordinators;
			productReference = BD7DE69328B790D500301BFA /* Coordinators.app */;
			productType = "com.apple.product-type.application";
		};
/* End PBXNativeTarget section */

/* Begin PBXProject section */
		BD7DE68B28B790D500301BFA /* Project object */ = {
			isa = PBXProject;
			attributes = {
				BuildIndependentTargetsInParallel = 1;
				LastSwiftUpdateCheck = 1320;
				LastUpgradeCheck = 1320;
				TargetAttributes = {
					BD7DE69228B790D500301BFA = {
						CreatedOnToolsVersion = 13.2.1;
					};
				};
			};
			buildConfigurationList = BD7DE68E28B790D500301BFA /* Build configuration list for PBXProject "Coordinators" */;
			compatibilityVersion = "Xcode 13.0";
			developmentRegion = en;
			hasScannedForEncodings = 0;
			knownRegions = (
				en,
				Base,
			);
			mainGroup = BD7DE68A28B790D500301BFA;
			productRefGroup = BD7DE69428B790D500301BFA /* Products */;
			projectDirPath = "";
			projectRoot = "";
			targets = (
				BD7DE69228B790D500301BFA /* Coordinators */,
			);
		};
/* End PBXProject section */

/* Begin PBXResourcesBuildPhase section */
		BD7DE69128B790D500301BFA /* Resources */ = {
			isa = PBXResourcesBuildPhase;
			buildActionMask = 2147483647;
			files = (
				BD7DE6A328B790D600301BFA /* LaunchScreen.storyboard in Resources */,
				BD7DE6A028B790D600301BFA /* Assets.xcassets in Resources */,
				BD7DE69E28B790D500301BFA /* Main.storyboard in Resources */,
			);
			runOnlyForDeploymentPostprocessing = 0;
		};
/* End PBXResourcesBuildPhase section */

/* Begin PBXSourcesBuildPhase section */
		BD7DE68F28B790D500301BFA /* Sources */ = {
			isa = PBXSourcesBuildPhase;
			buildActionMask = 2147483647;
			files = (
				BD7DE6AF28B7943A00301BFA /* AppCoordinator.swift in Sources */,
				BD7DE6AD28B791A800301BFA /* Storyboardable.swift in Sources */,
				BD5D237D28BFBA3800B8F16F /* MainTabBarController.swift in Sources */,
				BD7DE6AB28B790FE00301BFA /* Coordinator.swift in Sources */,
				BDFEB09F28BE8E6C0032C955 /* BuyCoordinator.swift in Sources */,
				BD7DE69B28B790D500301BFA /* ViewController.swift in Sources */,
				BD7DE6B328B7960B00301BFA /* CreateAccountViewController.swift in Sources */,
				BD7DE69728B790D500301BFA /* AppDelegate.swift in Sources */,
				BD7DE6B128B795FA00301BFA /* BuyViewController.swift in Sources */,
			);
			runOnlyForDeploymentPostprocessing = 0;
		};
/* End PBXSourcesBuildPhase section */

/* Begin PBXVariantGroup section */
		BD7DE69C28B790D500301BFA /* Main.storyboard */ = {
			isa = PBXVariantGroup;
			children = (
				BD7DE69D28B790D500301BFA /* Base */,
			);
			name = Main.storyboard;
			sourceTree = "<group>";
		};
		BD7DE6A128B790D600301BFA /* LaunchScreen.storyboard */ = {
			isa = PBXVariantGroup;
			children = (
				BD7DE6A228B790D600301BFA /* Base */,
			);
			name = LaunchScreen.storyboard;
			sourceTree = "<group>";
		};
/* End PBXVariantGroup section */

/* Begin XCBuildConfiguration section */
		BD7DE6A528B790D600301BFA /* Debug */ = {
			isa = XCBuildConfiguration;
			buildSettings = {
				ALWAYS_SEARCH_USER_PATHS = NO;
				CLANG_ANALYZER_NONNULL = YES;
				CLANG_ANALYZER_NUMBER_OBJECT_CONVERSION = YES_AGGRESSIVE;
				CLANG_CXX_LANGUAGE_STANDARD = "gnu++17";
				CLANG_CXX_LIBRARY = "libc++";
				CLANG_ENABLE_MODULES = YES;
				CLANG_ENABLE_OBJC_ARC = YES;
				CLANG_ENABLE_OBJC_WEAK = YES;
				CLANG_WARN_BLOCK_CAPTURE_AUTORELEASING = YES;
				CLANG_WARN_BOOL_CONVERSION = YES;
				CLANG_WARN_COMMA = YES;
				CLANG_WARN_CONSTANT_CONVERSION = YES;
				CLANG_WARN_DEPRECATED_OBJC_IMPLEMENTATIONS = YES;
				CLANG_WARN_DIRECT_OBJC_ISA_USAGE = YES_ERROR;
				CLANG_WARN_DOCUMENTATION_COMMENTS = YES;
				CLANG_WARN_EMPTY_BODY = YES;
				CLANG_WARN_ENUM_CONVERSION = YES;
				CLANG_WARN_INFINITE_RECURSION = YES;
				CLANG_WARN_INT_CONVERSION = YES;
				CLANG_WARN_NON_LITERAL_NULL_CONVERSION = YES;
				CLANG_WARN_OBJC_IMPLICIT_RETAIN_SELF = YES;
				CLANG_WARN_OBJC_LITERAL_CONVERSION = YES;
				CLANG_WARN_OBJC_ROOT_CLASS = YES_ERROR;
				CLANG_WARN_QUOTED_INCLUDE_IN_FRAMEWORK_HEADER = YES;
				CLANG_WARN_RANGE_LOOP_ANALYSIS = YES;
				CLANG_WARN_STRICT_PROTOTYPES = YES;
				CLANG_WARN_SUSPICIOUS_MOVE = YES;
				CLANG_WARN_UNGUARDED_AVAILABILITY = YES_AGGRESSIVE;
				CLANG_WARN_UNREACHABLE_CODE = YES;
				CLANG_WARN__DUPLICATE_METHOD_MATCH = YES;
				COPY_PHASE_STRIP = NO;
				DEBUG_INFORMATION_FORMAT = dwarf;
				ENABLE_STRICT_OBJC_MSGSEND = YES;
				ENABLE_TESTABILITY = YES;
				GCC_C_LANGUAGE_STANDARD = gnu11;
				GCC_DYNAMIC_NO_PIC = NO;
				GCC_NO_COMMON_BLOCKS = YES;
				GCC_OPTIMIZATION_LEVEL = 0;
				GCC_PREPROCESSOR_DEFINITIONS = (
					"DEBUG=1",
					"$(inherited)",
				);
				GCC_WARN_64_TO_32_BIT_CONVERSION = YES;
				GCC_WARN_ABOUT_RETURN_TYPE = YES_ERROR;
				GCC_WARN_UNDECLARED_SELECTOR = YES;
				GCC_WARN_UNINITIALIZED_AUTOS = YES_AGGRESSIVE;
				GCC_WARN_UNUSED_FUNCTION = YES;
				GCC_WARN_UNUSED_VARIABLE = YES;
				IPHONEOS_DEPLOYMENT_TARGET = 15.2;
				MTL_ENABLE_DEBUG_INFO = INCLUDE_SOURCE;
				MTL_FAST_MATH = YES;
				ONLY_ACTIVE_ARCH = YES;
				SDKROOT = iphoneos;
				SWIFT_ACTIVE_COMPILATION_CONDITIONS = DEBUG;
				SWIFT_OPTIMIZATION_LEVEL = "-Onone";
			};
			name = Debug;
		};
		BD7DE6A628B790D600301BFA /* Release */ = {
			isa = XCBuildConfiguration;
			buildSettings = {
				ALWAYS_SEARCH_USER_PATHS = NO;
				CLANG_ANALYZER_NONNULL = YES;
				CLANG_ANALYZER_NUMBER_OBJECT_CONVERSION = YES_AGGRESSIVE;
				CLANG_CXX_LANGUAGE_STANDARD = "gnu++17";
				CLANG_CXX_LIBRARY = "libc++";
				CLANG_ENABLE_MODULES = YES;
				CLANG_ENABLE_OBJC_ARC = YES;
				CLANG_ENABLE_OBJC_WEAK = YES;
				CLANG_WARN_BLOCK_CAPTURE_AUTORELEASING = YES;
				CLANG_WARN_BOOL_CONVERSION = YES;
				CLANG_WARN_COMMA = YES;
				CLANG_WARN_CONSTANT_CONVERSION = YES;
				CLANG_WARN_DEPRECATED_OBJC_IMPLEMENTATIONS = YES;
				CLANG_WARN_DIRECT_OBJC_ISA_USAGE = YES_ERROR;
				CLANG_WARN_DOCUMENTATION_COMMENTS = YES;
				CLANG_WARN_EMPTY_BODY = YES;
				CLANG_WARN_ENUM_CONVERSION = YES;
				CLANG_WARN_INFINITE_RECURSION = YES;
				CLANG_WARN_INT_CONVERSION = YES;
				CLANG_WARN_NON_LITERAL_NULL_CONVERSION = YES;
				CLANG_WARN_OBJC_IMPLICIT_RETAIN_SELF = YES;
				CLANG_WARN_OBJC_LITERAL_CONVERSION = YES;
				CLANG_WARN_OBJC_ROOT_CLASS = YES_ERROR;
				CLANG_WARN_QUOTED_INCLUDE_IN_FRAMEWORK_HEADER = YES;
				CLANG_WARN_RANGE_LOOP_ANALYSIS = YES;
				CLANG_WARN_STRICT_PROTOTYPES = YES;
				CLANG_WARN_SUSPICIOUS_MOVE = YES;
				CLANG_WARN_UNGUARDED_AVAILABILITY = YES_AGGRESSIVE;
				CLANG_WARN_UNREACHABLE_CODE = YES;
				CLANG_WARN__DUPLICATE_METHOD_MATCH = YES;
				COPY_PHASE_STRIP = NO;
				DEBUG_INFORMATION_FORMAT = "dwarf-with-dsym";
				ENABLE_NS_ASSERTIONS = NO;
				ENABLE_STRICT_OBJC_MSGSEND = YES;
				GCC_C_LANGUAGE_STANDARD = gnu11;
				GCC_NO_COMMON_BLOCKS = YES;
				GCC_WARN_64_TO_32_BIT_CONVERSION = YES;
				GCC_WARN_ABOUT_RETURN_TYPE = YES_ERROR;
				GCC_WARN_UNDECLARED_SELECTOR = YES;
				GCC_WARN_UNINITIALIZED_AUTOS = YES_AGGRESSIVE;
				GCC_WARN_UNUSED_FUNCTION = YES;
				GCC_WARN_UNUSED_VARIABLE = YES;
				IPHONEOS_DEPLOYMENT_TARGET = 15.2;
				MTL_ENABLE_DEBUG_INFO = NO;
				MTL_FAST_MATH = YES;
				SDKROOT = iphoneos;
				SWIFT_COMPILATION_MODE = wholemodule;
				SWIFT_OPTIMIZATION_LEVEL = "-O";
				VALIDATE_PRODUCT = YES;
			};
			name = Release;
		};
		BD7DE6A828B790D600301BFA /* Debug */ = {
			isa = XCBuildConfiguration;
			buildSettings = {
				ASSETCATALOG_COMPILER_APPICON_NAME = AppIcon;
				ASSETCATALOG_COMPILER_GLOBAL_ACCENT_COLOR_NAME = AccentColor;
				CODE_SIGN_STYLE = Automatic;
				CURRENT_PROJECT_VERSION = 1;
				DEVELOPMENT_TEAM = P745L5C6BY;
				GENERATE_INFOPLIST_FILE = YES;
				INFOPLIST_FILE = Coordinators/Info.plist;
				INFOPLIST_KEY_UIApplicationSupportsIndirectInputEvents = YES;
				INFOPLIST_KEY_UILaunchStoryboardName = LaunchScreen;
				INFOPLIST_KEY_UISupportedInterfaceOrientations_iPad = "UIInterfaceOrientationPortrait UIInterfaceOrientationPortraitUpsideDown UIInterfaceOrientationLandscapeLeft UIInterfaceOrientationLandscapeRight";
				INFOPLIST_KEY_UISupportedInterfaceOrientations_iPhone = "UIInterfaceOrientationPortrait UIInterfaceOrientationLandscapeLeft UIInterfaceOrientationLandscapeRight";
				LD_RUNPATH_SEARCH_PATHS = (
					"$(inherited)",
					"@executable_path/Frameworks",
				);
				MARKETING_VERSION = 1.0;
				PRODUCT_BUNDLE_IDENTIFIER = Kvashnin.Coordinators;
				PRODUCT_NAME = "$(TARGET_NAME)";
				SWIFT_EMIT_LOC_STRINGS = YES;
				SWIFT_VERSION = 5.0;
				TARGETED_DEVICE_FAMILY = 1;
			};
			name = Debug;
		};
		BD7DE6A928B790D600301BFA /* Release */ = {
			isa = XCBuildConfiguration;
			buildSettings = {
				ASSETCATALOG_COMPILER_APPICON_NAME = AppIcon;
				ASSETCATALOG_COMPILER_GLOBAL_ACCENT_COLOR_NAME = AccentColor;
				CODE_SIGN_STYLE = Automatic;
				CURRENT_PROJECT_VERSION = 1;
				DEVELOPMENT_TEAM = P745L5C6BY;
				GENERATE_INFOPLIST_FILE = YES;
				INFOPLIST_FILE = Coordinators/Info.plist;
				INFOPLIST_KEY_UIApplicationSupportsIndirectInputEvents = YES;
				INFOPLIST_KEY_UILaunchStoryboardName = LaunchScreen;
				INFOPLIST_KEY_UISupportedInterfaceOrientations_iPad = "UIInterfaceOrientationPortrait UIInterfaceOrientationPortraitUpsideDown UIInterfaceOrientationLandscapeLeft UIInterfaceOrientationLandscapeRight";
				INFOPLIST_KEY_UISupportedInterfaceOrientations_iPhone = "UIInterfaceOrientationPortrait UIInterfaceOrientationLandscapeLeft UIInterfaceOrientationLandscapeRight";
				LD_RUNPATH_SEARCH_PATHS = (
					"$(inherited)",
					"@executable_path/Frameworks",
				);
				MARKETING_VERSION = 1.0;
				PRODUCT_BUNDLE_IDENTIFIER = Kvashnin.Coordinators;
				PRODUCT_NAME = "$(TARGET_NAME)";
				SWIFT_EMIT_LOC_STRINGS = YES;
				SWIFT_VERSION = 5.0;
				TARGETED_DEVICE_FAMILY = 1;
			};
			name = Release;
		};
/* End XCBuildConfiguration section */

/* Begin XCConfigurationList section */
		BD7DE68E28B790D500301BFA /* Build configuration list for PBXProject "Coordinators" */ = {
			isa = XCConfigurationList;
			buildConfigurations = (
				BD7DE6A528B790D600301BFA /* Debug */,
				BD7DE6A628B790D600301BFA /* Release */,
			);
			defaultConfigurationIsVisible = 0;
			defaultConfigurationName = Release;
		};
		BD7DE6A728B790D600301BFA /* Build configuration list for PBXNativeTarget "Coordinators" */ = {
			isa = XCConfigurationList;
			buildConfigurations = (
				BD7DE6A828B790D600301BFA /* Debug */,
				BD7DE6A928B790D600301BFA /* Release */,
			);
			defaultConfigurationIsVisible = 0;
			defaultConfigurationName = Release;
		};
/* End XCConfigurationList section */
	};
	rootObject = BD7DE68B28B790D500301BFA /* Project object */;
}
